// !$*UTF8*$!
{
	archiveVersion = 1;
	classes = {
	};
	objectVersion = 56;
	objects = {

/* Begin PBXBuildFile section */
		EC585F3D2C7DD030004AF55E /* Forelesning1App.swift in Sources */ = {isa = PBXBuildFile; fileRef = EC585F3C2C7DD030004AF55E /* Forelesning1App.swift */; };
		EC585F3F2C7DD030004AF55E /* ContentView.swift in Sources */ = {isa = PBXBuildFile; fileRef = EC585F3E2C7DD030004AF55E /* ContentView.swift */; };
		EC585F412C7DD031004AF55E /* Assets.xcassets in Resources */ = {isa = PBXBuildFile; fileRef = EC585F402C7DD031004AF55E /* Assets.xcassets */; };
		EC585F442C7DD031004AF55E /* Preview Assets.xcassets in Resources */ = {isa = PBXBuildFile; fileRef = EC585F432C7DD031004AF55E /* Preview Assets.xcassets */; };
		EC585F4E2C7DD031004AF55E /* Forelesning1Tests.swift in Sources */ = {isa = PBXBuildFile; fileRef = EC585F4D2C7DD031004AF55E /* Forelesning1Tests.swift */; };
		EC585F582C7DD031004AF55E /* Forelesning1UITests.swift in Sources */ = {isa = PBXBuildFile; fileRef = EC585F572C7DD031004AF55E /* Forelesning1UITests.swift */; };
		EC585F5A2C7DD031004AF55E /* Forelesning1UITestsLaunchTests.swift in Sources */ = {isa = PBXBuildFile; fileRef = EC585F592C7DD031004AF55E /* Forelesning1UITestsLaunchTests.swift */; };
/* End PBXBuildFile section */

/* Begin PBXContainerItemProxy section */
		EC585F4A2C7DD031004AF55E /* PBXContainerItemProxy */ = {
			isa = PBXContainerItemProxy;
			containerPortal = EC585F312C7DD030004AF55E /* Project object */;
			proxyType = 1;
			remoteGlobalIDString = EC585F382C7DD030004AF55E;
			remoteInfo = Forelesning1;
		};
		EC585F542C7DD031004AF55E /* PBXContainerItemProxy */ = {
			isa = PBXContainerItemProxy;
			containerPortal = EC585F312C7DD030004AF55E /* Project object */;
			proxyType = 1;
			remoteGlobalIDString = EC585F382C7DD030004AF55E;
			remoteInfo = Forelesning1;
		};
/* End PBXContainerItemProxy section */

/* Begin PBXFileReference section */
		EC585F392C7DD030004AF55E /* Forelesning1.app */ = {isa = PBXFileReference; explicitFileType = wrapper.application; includeInIndex = 0; path = Forelesning1.app; sourceTree = BUILT_PRODUCTS_DIR; };
		EC585F3C2C7DD030004AF55E /* Forelesning1App.swift */ = {isa = PBXFileReference; lastKnownFileType = sourcecode.swift; path = Forelesning1App.swift; sourceTree = "<group>"; };
		EC585F3E2C7DD030004AF55E /* ContentView.swift */ = {isa = PBXFileReference; lastKnownFileType = sourcecode.swift; path = ContentView.swift; sourceTree = "<group>"; };
		EC585F402C7DD031004AF55E /* Assets.xcassets */ = {isa = PBXFileReference; lastKnownFileType = folder.assetcatalog; path = Assets.xcassets; sourceTree = "<group>"; };
		EC585F432C7DD031004AF55E /* Preview Assets.xcassets */ = {isa = PBXFileReference; lastKnownFileType = folder.assetcatalog; path = "Preview Assets.xcassets"; sourceTree = "<group>"; };
		EC585F492C7DD031004AF55E /* Forelesning1Tests.xctest */ = {isa = PBXFileReference; explicitFileType = wrapper.cfbundle; includeInIndex = 0; path = Forelesning1Tests.xctest; sourceTree = BUILT_PRODUCTS_DIR; };
		EC585F4D2C7DD031004AF55E /* Forelesning1Tests.swift */ = {isa = PBXFileReference; lastKnownFileType = sourcecode.swift; path = Forelesning1Tests.swift; sourceTree = "<group>"; };
		EC585F532C7DD031004AF55E /* Forelesning1UITests.xctest */ = {isa = PBXFileReference; explicitFileType = wrapper.cfbundle; includeInIndex = 0; path = Forelesning1UITests.xctest; sourceTree = BUILT_PRODUCTS_DIR; };
		EC585F572C7DD031004AF55E /* Forelesning1UITests.swift */ = {isa = PBXFileReference; lastKnownFileType = sourcecode.swift; path = Forelesning1UITests.swift; sourceTree = "<group>"; };
		EC585F592C7DD031004AF55E /* Forelesning1UITestsLaunchTests.swift */ = {isa = PBXFileReference; lastKnownFileType = sourcecode.swift; path = Forelesning1UITestsLaunchTests.swift; sourceTree = "<group>"; };
/* End PBXFileReference section */

/* Begin PBXFrameworksBuildPhase section */
		EC585F362C7DD030004AF55E /* Frameworks */ = {
			isa = PBXFrameworksBuildPhase;
			buildActionMask = 2147483647;
			files = (
			);
			runOnlyForDeploymentPostprocessing = 0;
		};
		EC585F462C7DD031004AF55E /* Frameworks */ = {
			isa = PBXFrameworksBuildPhase;
			buildActionMask = 2147483647;
			files = (
			);
			runOnlyForDeploymentPostprocessing = 0;
		};
		EC585F502C7DD031004AF55E /* Frameworks */ = {
			isa = PBXFrameworksBuildPhase;
			buildActionMask = 2147483647;
			files = (
			);
			runOnlyForDeploymentPostprocessing = 0;
		};
/* End PBXFrameworksBuildPhase section */

/* Begin PBXGroup section */
		EC585F302C7DD030004AF55E = {
			isa = PBXGroup;
			children = (
				EC585F3B2C7DD030004AF55E /* Forelesning1 */,
				EC585F4C2C7DD031004AF55E /* Forelesning1Tests */,
				EC585F562C7DD031004AF55E /* Forelesning1UITests */,
				EC585F3A2C7DD030004AF55E /* Products */,
			);
			sourceTree = "<group>";
		};
		EC585F3A2C7DD030004AF55E /* Products */ = {
			isa = PBXGroup;
			children = (
				EC585F392C7DD030004AF55E /* Forelesning1.app */,
				EC585F492C7DD031004AF55E /* Forelesning1Tests.xctest */,
				EC585F532C7DD031004AF55E /* Forelesning1UITests.xctest */,
			);
			name = Products;
			sourceTree = "<group>";
		};
		EC585F3B2C7DD030004AF55E /* Forelesning1 */ = {
			isa = PBXGroup;
			children = (
				EC585F3C2C7DD030004AF55E /* Forelesning1App.swift */,
				EC585F3E2C7DD030004AF55E /* ContentView.swift */,
				EC585F402C7DD031004AF55E /* Assets.xcassets */,
				EC585F422C7DD031004AF55E /* Preview Content */,
			);
			path = Forelesning1;
			sourceTree = "<group>";
		};
		EC585F422C7DD031004AF55E /* Preview Content */ = {
			isa = PBXGroup;
			children = (
				EC585F432C7DD031004AF55E /* Preview Assets.xcassets */,
			);
			path = "Preview Content";
			sourceTree = "<group>";
		};
		EC585F4C2C7DD031004AF55E /* Forelesning1Tests */ = {
			isa = PBXGroup;
			children = (
				EC585F4D2C7DD031004AF55E /* Forelesning1Tests.swift */,
			);
			path = Forelesning1Tests;
			sourceTree = "<group>";
		};
		EC585F562C7DD031004AF55E /* Forelesning1UITests */ = {
			isa = PBXGroup;
			children = (
				EC585F572C7DD031004AF55E /* Forelesning1UITests.swift */,
				EC585F592C7DD031004AF55E /* Forelesning1UITestsLaunchTests.swift */,
			);
			path = Forelesning1UITests;
			sourceTree = "<group>";
		};
/* End PBXGroup section */

/* Begin PBXNativeTarget section */
		EC585F382C7DD030004AF55E /* Forelesning1 */ = {
			isa = PBXNativeTarget;
			buildConfigurationList = EC585F5D2C7DD031004AF55E /* Build configuration list for PBXNativeTarget "Forelesning1" */;
			buildPhases = (
				EC585F352C7DD030004AF55E /* Sources */,
				EC585F362C7DD030004AF55E /* Frameworks */,
				EC585F372C7DD030004AF55E /* Resources */,
			);
			buildRules = (
			);
			dependencies = (
			);
			name = Forelesning1;
			productName = Forelesning1;
			productReference = EC585F392C7DD030004AF55E /* Forelesning1.app */;
			productType = "com.apple.product-type.application";
		};
		EC585F482C7DD031004AF55E /* Forelesning1Tests */ = {
			isa = PBXNativeTarget;
			buildConfigurationList = EC585F602C7DD031004AF55E /* Build configuration list for PBXNativeTarget "Forelesning1Tests" */;
			buildPhases = (
				EC585F452C7DD031004AF55E /* Sources */,
				EC585F462C7DD031004AF55E /* Frameworks */,
				EC585F472C7DD031004AF55E /* Resources */,
			);
			buildRules = (
			);
			dependencies = (
				EC585F4B2C7DD031004AF55E /* PBXTargetDependency */,
			);
			name = Forelesning1Tests;
			productName = Forelesning1Tests;
			productReference = EC585F492C7DD031004AF55E /* Forelesning1Tests.xctest */;
			productType = "com.apple.product-type.bundle.unit-test";
		};
		EC585F522C7DD031004AF55E /* Forelesning1UITests */ = {
			isa = PBXNativeTarget;
			buildConfigurationList = EC585F632C7DD031004AF55E /* Build configuration list for PBXNativeTarget "Forelesning1UITests" */;
			buildPhases = (
				EC585F4F2C7DD031004AF55E /* Sources */,
				EC585F502C7DD031004AF55E /* Frameworks */,
				EC585F512C7DD031004AF55E /* Resources */,
			);
			buildRules = (
			);
			dependencies = (
				EC585F552C7DD031004AF55E /* PBXTargetDependency */,
			);
			name = Forelesning1UITests;
			productName = Forelesning1UITests;
			productReference = EC585F532C7DD031004AF55E /* Forelesning1UITests.xctest */;
			productType = "com.apple.product-type.bundle.ui-testing";
		};
/* End PBXNativeTarget section */

/* Begin PBXProject section */
		EC585F312C7DD030004AF55E /* Project object */ = {
			isa = PBXProject;
			attributes = {
				BuildIndependentTargetsInParallel = 1;
				LastSwiftUpdateCheck = 1530;
				LastUpgradeCheck = 1530;
				TargetAttributes = {
					EC585F382C7DD030004AF55E = {
						CreatedOnToolsVersion = 15.3;
					};
					EC585F482C7DD031004AF55E = {
						CreatedOnToolsVersion = 15.3;
						TestTargetID = EC585F382C7DD030004AF55E;
					};
					EC585F522C7DD031004AF55E = {
						CreatedOnToolsVersion = 15.3;
						TestTargetID = EC585F382C7DD030004AF55E;
					};
				};
			};
			buildConfigurationList = EC585F342C7DD030004AF55E /* Build configuration list for PBXProject "Forelesning1" */;
			compatibilityVersion = "Xcode 14.0";
			developmentRegion = en;
			hasScannedForEncodings = 0;
			knownRegions = (
				en,
				Base,
			);
			mainGroup = EC585F302C7DD030004AF55E;
			productRefGroup = EC585F3A2C7DD030004AF55E /* Products */;
			projectDirPath = "";
			projectRoot = "";
			targets = (
				EC585F382C7DD030004AF55E /* Forelesning1 */,
				EC585F482C7DD031004AF55E /* Forelesning1Tests */,
				EC585F522C7DD031004AF55E /* Forelesning1UITests */,
			);
		};
/* End PBXProject section */

/* Begin PBXResourcesBuildPhase section */
		EC585F372C7DD030004AF55E /* Resources */ = {
			isa = PBXResourcesBuildPhase;
			buildActionMask = 2147483647;
			files = (
				EC585F442C7DD031004AF55E /* Preview Assets.xcassets in Resources */,
				EC585F412C7DD031004AF55E /* Assets.xcassets in Resources */,
			);
			runOnlyForDeploymentPostprocessing = 0;
		};
		EC585F472C7DD031004AF55E /* Resources */ = {
			isa = PBXResourcesBuildPhase;
			buildActionMask = 2147483647;
			files = (
			);
			runOnlyForDeploymentPostprocessing = 0;
		};
		EC585F512C7DD031004AF55E /* Resources */ = {
			isa = PBXResourcesBuildPhase;
			buildActionMask = 2147483647;
			files = (
			);
			runOnlyForDeploymentPostprocessing = 0;
		};
/* End PBXResourcesBuildPhase section */

/* Begin PBXSourcesBuildPhase section */
		EC585F352C7DD030004AF55E /* Sources */ = {
			isa = PBXSourcesBuildPhase;
			buildActionMask = 2147483647;
			files = (
				EC585F3F2C7DD030004AF55E /* ContentView.swift in Sources */,
				EC585F3D2C7DD030004AF55E /* Forelesning1App.swift in Sources */,
			);
			runOnlyForDeploymentPostprocessing = 0;
		};
		EC585F452C7DD031004AF55E /* Sources */ = {
			isa = PBXSourcesBuildPhase;
			buildActionMask = 2147483647;
			files = (
				EC585F4E2C7DD031004AF55E /* Forelesning1Tests.swift in Sources */,
			);
			runOnlyForDeploymentPostprocessing = 0;
		};
		EC585F4F2C7DD031004AF55E /* Sources */ = {
			isa = PBXSourcesBuildPhase;
			buildActionMask = 2147483647;
			files = (
				EC585F582C7DD031004AF55E /* Forelesning1UITests.swift in Sources */,
				EC585F5A2C7DD031004AF55E /* Forelesning1UITestsLaunchTests.swift in Sources */,
			);
			runOnlyForDeploymentPostprocessing = 0;
		};
/* End PBXSourcesBuildPhase section */

/* Begin PBXTargetDependency section */
		EC585F4B2C7DD031004AF55E /* PBXTargetDependency */ = {
			isa = PBXTargetDependency;
			target = EC585F382C7DD030004AF55E /* Forelesning1 */;
			targetProxy = EC585F4A2C7DD031004AF55E /* PBXContainerItemProxy */;
		};
		EC585F552C7DD031004AF55E /* PBXTargetDependency */ = {
			isa = PBXTargetDependency;
			target = EC585F382C7DD030004AF55E /* Forelesning1 */;
			targetProxy = EC585F542C7DD031004AF55E /* PBXContainerItemProxy */;
		};
/* End PBXTargetDependency section */

/* Begin XCBuildConfiguration section */
		EC585F5B2C7DD031004AF55E /* Debug */ = {
			isa = XCBuildConfiguration;
			buildSettings = {
				ALWAYS_SEARCH_USER_PATHS = NO;
				ASSETCATALOG_COMPILER_GENERATE_SWIFT_ASSET_SYMBOL_EXTENSIONS = YES;
				CLANG_ANALYZER_NONNULL = YES;
				CLANG_ANALYZER_NUMBER_OBJECT_CONVERSION = YES_AGGRESSIVE;
				CLANG_CXX_LANGUAGE_STANDARD = "gnu++20";
				CLANG_ENABLE_MODULES = YES;
				CLANG_ENABLE_OBJC_ARC = YES;
				CLANG_ENABLE_OBJC_WEAK = YES;
				CLANG_WARN_BLOCK_CAPTURE_AUTORELEASING = YES;
				CLANG_WARN_BOOL_CONVERSION = YES;
				CLANG_WARN_COMMA = YES;
				CLANG_WARN_CONSTANT_CONVERSION = YES;
				CLANG_WARN_DEPRECATED_OBJC_IMPLEMENTATIONS = YES;
				CLANG_WARN_DIRECT_OBJC_ISA_USAGE = YES_ERROR;
				CLANG_WARN_DOCUMENTATION_COMMENTS = YES;
				CLANG_WARN_EMPTY_BODY = YES;
				CLANG_WARN_ENUM_CONVERSION = YES;
				CLANG_WARN_INFINITE_RECURSION = YES;
				CLANG_WARN_INT_CONVERSION = YES;
				CLANG_WARN_NON_LITERAL_NULL_CONVERSION = YES;
				CLANG_WARN_OBJC_IMPLICIT_RETAIN_SELF = YES;
				CLANG_WARN_OBJC_LITERAL_CONVERSION = YES;
				CLANG_WARN_OBJC_ROOT_CLASS = YES_ERROR;
				CLANG_WARN_QUOTED_INCLUDE_IN_FRAMEWORK_HEADER = YES;
				CLANG_WARN_RANGE_LOOP_ANALYSIS = YES;
				CLANG_WARN_STRICT_PROTOTYPES = YES;
				CLANG_WARN_SUSPICIOUS_MOVE = YES;
				CLANG_WARN_UNGUARDED_AVAILABILITY = YES_AGGRESSIVE;
				CLANG_WARN_UNREACHABLE_CODE = YES;
				CLANG_WARN__DUPLICATE_METHOD_MATCH = YES;
				COPY_PHASE_STRIP = NO;
				DEBUG_INFORMATION_FORMAT = dwarf;
				ENABLE_STRICT_OBJC_MSGSEND = YES;
				ENABLE_TESTABILITY = YES;
				ENABLE_USER_SCRIPT_SANDBOXING = YES;
				GCC_C_LANGUAGE_STANDARD = gnu17;
				GCC_DYNAMIC_NO_PIC = NO;
				GCC_NO_COMMON_BLOCKS = YES;
				GCC_OPTIMIZATION_LEVEL = 0;
				GCC_PREPROCESSOR_DEFINITIONS = (
					"DEBUG=1",
					"$(inherited)",
				);
				GCC_WARN_64_TO_32_BIT_CONVERSION = YES;
				GCC_WARN_ABOUT_RETURN_TYPE = YES_ERROR;
				GCC_WARN_UNDECLARED_SELECTOR = YES;
				GCC_WARN_UNINITIALIZED_AUTOS = YES_AGGRESSIVE;
				GCC_WARN_UNUSED_FUNCTION = YES;
				GCC_WARN_UNUSED_VARIABLE = YES;
				IPHONEOS_DEPLOYMENT_TARGET = 17.4;
				LOCALIZATION_PREFERS_STRING_CATALOGS = YES;
				MTL_ENABLE_DEBUG_INFO = INCLUDE_SOURCE;
				MTL_FAST_MATH = YES;
				ONLY_ACTIVE_ARCH = YES;
				SDKROOT = iphoneos;
				SWIFT_ACTIVE_COMPILATION_CONDITIONS = "DEBUG $(inherited)";
				SWIFT_OPTIMIZATION_LEVEL = "-Onone";
			};
			name = Debug;
		};
		EC585F5C2C7DD031004AF55E /* Release */ = {
			isa = XCBuildConfiguration;
			buildSettings = {
				ALWAYS_SEARCH_USER_PATHS = NO;
				ASSETCATALOG_COMPILER_GENERATE_SWIFT_ASSET_SYMBOL_EXTENSIONS = YES;
				CLANG_ANALYZER_NONNULL = YES;
				CLANG_ANALYZER_NUMBER_OBJECT_CONVERSION = YES_AGGRESSIVE;
				CLANG_CXX_LANGUAGE_STANDARD = "gnu++20";
				CLANG_ENABLE_MODULES = YES;
				CLANG_ENABLE_OBJC_ARC = YES;
				CLANG_ENABLE_OBJC_WEAK = YES;
				CLANG_WARN_BLOCK_CAPTURE_AUTORELEASING = YES;
				CLANG_WARN_BOOL_CONVERSION = YES;
				CLANG_WARN_COMMA = YES;
				CLANG_WARN_CONSTANT_CONVERSION = YES;
				CLANG_WARN_DEPRECATED_OBJC_IMPLEMENTATIONS = YES;
				CLANG_WARN_DIRECT_OBJC_ISA_USAGE = YES_ERROR;
				CLANG_WARN_DOCUMENTATION_COMMENTS = YES;
				CLANG_WARN_EMPTY_BODY = YES;
				CLANG_WARN_ENUM_CONVERSION = YES;
				CLANG_WARN_INFINITE_RECURSION = YES;
				CLANG_WARN_INT_CONVERSION = YES;
				CLANG_WARN_NON_LITERAL_NULL_CONVERSION = YES;
				CLANG_WARN_OBJC_IMPLICIT_RETAIN_SELF = YES;
				CLANG_WARN_OBJC_LITERAL_CONVERSION = YES;
				CLANG_WARN_OBJC_ROOT_CLASS = YES_ERROR;
				CLANG_WARN_QUOTED_INCLUDE_IN_FRAMEWORK_HEADER = YES;
				CLANG_WARN_RANGE_LOOP_ANALYSIS = YES;
				CLANG_WARN_STRICT_PROTOTYPES = YES;
				CLANG_WARN_SUSPICIOUS_MOVE = YES;
				CLANG_WARN_UNGUARDED_AVAILABILITY = YES_AGGRESSIVE;
				CLANG_WARN_UNREACHABLE_CODE = YES;
				CLANG_WARN__DUPLICATE_METHOD_MATCH = YES;
				COPY_PHASE_STRIP = NO;
				DEBUG_INFORMATION_FORMAT = "dwarf-with-dsym";
				ENABLE_NS_ASSERTIONS = NO;
				ENABLE_STRICT_OBJC_MSGSEND = YES;
				ENABLE_USER_SCRIPT_SANDBOXING = YES;
				GCC_C_LANGUAGE_STANDARD = gnu17;
				GCC_NO_COMMON_BLOCKS = YES;
				GCC_WARN_64_TO_32_BIT_CONVERSION = YES;
				GCC_WARN_ABOUT_RETURN_TYPE = YES_ERROR;
				GCC_WARN_UNDECLARED_SELECTOR = YES;
				GCC_WARN_UNINITIALIZED_AUTOS = YES_AGGRESSIVE;
				GCC_WARN_UNUSED_FUNCTION = YES;
				GCC_WARN_UNUSED_VARIABLE = YES;
				IPHONEOS_DEPLOYMENT_TARGET = 17.4;
				LOCALIZATION_PREFERS_STRING_CATALOGS = YES;
				MTL_ENABLE_DEBUG_INFO = NO;
				MTL_FAST_MATH = YES;
				SDKROOT = iphoneos;
				SWIFT_COMPILATION_MODE = wholemodule;
				VALIDATE_PRODUCT = YES;
			};
			name = Release;
		};
		EC585F5E2C7DD031004AF55E /* Debug */ = {
			isa = XCBuildConfiguration;
			buildSettings = {
				ASSETCATALOG_COMPILER_APPICON_NAME = AppIcon;
				ASSETCATALOG_COMPILER_GLOBAL_ACCENT_COLOR_NAME = AccentColor;
				CODE_SIGN_STYLE = Automatic;
				CURRENT_PROJECT_VERSION = 1;
				DEVELOPMENT_ASSET_PATHS = "\"Forelesning1/Preview Content\"";
				ENABLE_PREVIEWS = YES;
				GENERATE_INFOPLIST_FILE = YES;
				INFOPLIST_KEY_UIApplicationSceneManifest_Generation = YES;
				INFOPLIST_KEY_UIApplicationSupportsIndirectInputEvents = YES;
				INFOPLIST_KEY_UILaunchScreen_Generation = YES;
				INFOPLIST_KEY_UISupportedInterfaceOrientations_iPad = "UIInterfaceOrientationPortrait UIInterfaceOrientationPortraitUpsideDown UIInterfaceOrientationLandscapeLeft UIInterfaceOrientationLandscapeRight";
				INFOPLIST_KEY_UISupportedInterfaceOrientations_iPhone = "UIInterfaceOrientationPortrait UIInterfaceOrientationLandscapeLeft UIInterfaceOrientationLandscapeRight";
				LD_RUNPATH_SEARCH_PATHS = (
					"$(inherited)",
					"@executable_path/Frameworks",
				);
				MARKETING_VERSION = 1.0;
				PRODUCT_BUNDLE_IDENTIFIER = no.helsedirektoratet.Forelesning1;
				PRODUCT_NAME = "$(TARGET_NAME)";
				SWIFT_EMIT_LOC_STRINGS = YES;
				SWIFT_VERSION = 5.0;
				TARGETED_DEVICE_FAMILY = "1,2";
			};
			name = Debug;
		};
		EC585F5F2C7DD031004AF55E /* Release */ = {
			isa = XCBuildConfiguration;
			buildSettings = {
				ASSETCATALOG_COMPILER_APPICON_NAME = AppIcon;
				ASSETCATALOG_COMPILER_GLOBAL_ACCENT_COLOR_NAME = AccentColor;
				CODE_SIGN_STYLE = Automatic;
				CURRENT_PROJECT_VERSION = 1;
				DEVELOPMENT_ASSET_PATHS = "\"Forelesning1/Preview Content\"";
				ENABLE_PREVIEWS = YES;
				GENERATE_INFOPLIST_FILE = YES;
				INFOPLIST_KEY_UIApplicationSceneManifest_Generation = YES;
				INFOPLIST_KEY_UIApplicationSupportsIndirectInputEvents = YES;
				INFOPLIST_KEY_UILaunchScreen_Generation = YES;
				INFOPLIST_KEY_UISupportedInterfaceOrientations_iPad = "UIInterfaceOrientationPortrait UIInterfaceOrientationPortraitUpsideDown UIInterfaceOrientationLandscapeLeft UIInterfaceOrientationLandscapeRight";
				INFOPLIST_KEY_UISupportedInterfaceOrientations_iPhone = "UIInterfaceOrientationPortrait UIInterfaceOrientationLandscapeLeft UIInterfaceOrientationLandscapeRight";
				LD_RUNPATH_SEARCH_PATHS = (
					"$(inherited)",
					"@executable_path/Frameworks",
				);
				MARKETING_VERSION = 1.0;
				PRODUCT_BUNDLE_IDENTIFIER = no.helsedirektoratet.Forelesning1;
				PRODUCT_NAME = "$(TARGET_NAME)";
				SWIFT_EMIT_LOC_STRINGS = YES;
				SWIFT_VERSION = 5.0;
				TARGETED_DEVICE_FAMILY = "1,2";
			};
			name = Release;
		};
		EC585F612C7DD031004AF55E /* Debug */ = {
			isa = XCBuildConfiguration;
			buildSettings = {
				ALWAYS_EMBED_SWIFT_STANDARD_LIBRARIES = YES;
				BUNDLE_LOADER = "$(TEST_HOST)";
				CODE_SIGN_STYLE = Automatic;
				CURRENT_PROJECT_VERSION = 1;
				GENERATE_INFOPLIST_FILE = YES;
				IPHONEOS_DEPLOYMENT_TARGET = 17.4;
				MARKETING_VERSION = 1.0;
				PRODUCT_BUNDLE_IDENTIFIER = no.helsedirektoratet.Forelesning1Tests;
				PRODUCT_NAME = "$(TARGET_NAME)";
				SWIFT_EMIT_LOC_STRINGS = NO;
				SWIFT_VERSION = 5.0;
				TARGETED_DEVICE_FAMILY = "1,2";
				TEST_HOST = "$(BUILT_PRODUCTS_DIR)/Forelesning1.app/$(BUNDLE_EXECUTABLE_FOLDER_PATH)/Forelesning1";
			};
			name = Debug;
		};
		EC585F622C7DD031004AF55E /* Release */ = {
			isa = XCBuildConfiguration;
			buildSettings = {
				ALWAYS_EMBED_SWIFT_STANDARD_LIBRARIES = YES;
				BUNDLE_LOADER = "$(TEST_HOST)";
				CODE_SIGN_STYLE = Automatic;
				CURRENT_PROJECT_VERSION = 1;
				GENERATE_INFOPLIST_FILE = YES;
				IPHONEOS_DEPLOYMENT_TARGET = 17.4;
				MARKETING_VERSION = 1.0;
				PRODUCT_BUNDLE_IDENTIFIER = no.helsedirektoratet.Forelesning1Tests;
				PRODUCT_NAME = "$(TARGET_NAME)";
				SWIFT_EMIT_LOC_STRINGS = NO;
				SWIFT_VERSION = 5.0;
				TARGETED_DEVICE_FAMILY = "1,2";
				TEST_HOST = "$(BUILT_PRODUCTS_DIR)/Forelesning1.app/$(BUNDLE_EXECUTABLE_FOLDER_PATH)/Forelesning1";
			};
			name = Release;
		};
		EC585F642C7DD031004AF55E /* Debug */ = {
			isa = XCBuildConfiguration;
			buildSettings = {
				ALWAYS_EMBED_SWIFT_STANDARD_LIBRARIES = YES;
				CODE_SIGN_STYLE = Automatic;
				CURRENT_PROJECT_VERSION = 1;
				GENERATE_INFOPLIST_FILE = YES;
				MARKETING_VERSION = 1.0;
				PRODUCT_BUNDLE_IDENTIFIER = no.helsedirektoratet.Forelesning1UITests;
				PRODUCT_NAME = "$(TARGET_NAME)";
				SWIFT_EMIT_LOC_STRINGS = NO;
				SWIFT_VERSION = 5.0;
				TARGETED_DEVICE_FAMILY = "1,2";
				TEST_TARGET_NAME = Forelesning1;
			};
			name = Debug;
		};
		EC585F652C7DD031004AF55E /* Release */ = {
			isa = XCBuildConfiguration;
			buildSettings = {
				ALWAYS_EMBED_SWIFT_STANDARD_LIBRARIES = YES;
				CODE_SIGN_STYLE = Automatic;
				CURRENT_PROJECT_VERSION = 1;
				GENERATE_INFOPLIST_FILE = YES;
				MARKETING_VERSION = 1.0;
				PRODUCT_BUNDLE_IDENTIFIER = no.helsedirektoratet.Forelesning1UITests;
				PRODUCT_NAME = "$(TARGET_NAME)";
				SWIFT_EMIT_LOC_STRINGS = NO;
				SWIFT_VERSION = 5.0;
				TARGETED_DEVICE_FAMILY = "1,2";
				TEST_TARGET_NAME = Forelesning1;
			};
			name = Release;
		};
/* End XCBuildConfiguration section */

/* Begin XCConfigurationList section */
		EC585F342C7DD030004AF55E /* Build configuration list for PBXProject "Forelesning1" */ = {
			isa = XCConfigurationList;
			buildConfigurations = (
				EC585F5B2C7DD031004AF55E /* Debug */,
				EC585F5C2C7DD031004AF55E /* Release */,
			);
			defaultConfigurationIsVisible = 0;
			defaultConfigurationName = Release;
		};
		EC585F5D2C7DD031004AF55E /* Build configuration list for PBXNativeTarget "Forelesning1" */ = {
			isa = XCConfigurationList;
			buildConfigurations = (
				EC585F5E2C7DD031004AF55E /* Debug */,
				EC585F5F2C7DD031004AF55E /* Release */,
			);
			defaultConfigurationIsVisible = 0;
			defaultConfigurationName = Release;
		};
		EC585F602C7DD031004AF55E /* Build configuration list for PBXNativeTarget "Forelesning1Tests" */ = {
			isa = XCConfigurationList;
			buildConfigurations = (
				EC585F612C7DD031004AF55E /* Debug */,
				EC585F622C7DD031004AF55E /* Release */,
			);
			defaultConfigurationIsVisible = 0;
			defaultConfigurationName = Release;
		};
		EC585F632C7DD031004AF55E /* Build configuration list for PBXNativeTarget "Forelesning1UITests" */ = {
			isa = XCConfigurationList;
			buildConfigurations = (
				EC585F642C7DD031004AF55E /* Debug */,
				EC585F652C7DD031004AF55E /* Release */,
			);
			defaultConfigurationIsVisible = 0;
			defaultConfigurationName = Release;
		};
/* End XCConfigurationList section */
	};
	rootObject = EC585F312C7DD030004AF55E /* Project object */;
}
