// !$*UTF8*$!
{
	archiveVersion = 1;
	classes = {
	};
	objectVersion = 77;
	objects = {

/* Begin PBXContainerItemProxy section */
		ECE5C4A22E82910F00E4E2F5 /* PBXContainerItemProxy */ = {
			isa = PBXContainerItemProxy;
			containerPortal = ECE5C48C2E82910B00E4E2F5 /* Project object */;
			proxyType = 1;
			remoteGlobalIDString = ECE5C4932E82910B00E4E2F5;
			remoteInfo = Forelesning_9;
		};
		ECE5C4AC2E82910F00E4E2F5 /* PBXContainerItemProxy */ = {
			isa = PBXContainerItemProxy;
			containerPortal = ECE5C48C2E82910B00E4E2F5 /* Project object */;
			proxyType = 1;
			remoteGlobalIDString = ECE5C4932E82910B00E4E2F5;
			remoteInfo = Forelesning_9;
		};
/* End PBXContainerItemProxy section */

/* Begin PBXFileReference section */
		ECE5C4942E82910B00E4E2F5 /* Forelesning_9.app */ = {isa = PBXFileReference; explicitFileType = wrapper.application; includeInIndex = 0; path = Forelesning_9.app; sourceTree = BUILT_PRODUCTS_DIR; };
		ECE5C4A12E82910F00E4E2F5 /* Forelesning_9Tests.xctest */ = {isa = PBXFileReference; explicitFileType = wrapper.cfbundle; includeInIndex = 0; path = Forelesning_9Tests.xctest; sourceTree = BUILT_PRODUCTS_DIR; };
		ECE5C4AB2E82910F00E4E2F5 /* Forelesning_9UITests.xctest */ = {isa = PBXFileReference; explicitFileType = wrapper.cfbundle; includeInIndex = 0; path = Forelesning_9UITests.xctest; sourceTree = BUILT_PRODUCTS_DIR; };
/* End PBXFileReference section */

/* Begin PBXFileSystemSynchronizedRootGroup section */
		ECE5C4962E82910B00E4E2F5 /* Forelesning_9 */ = {
			isa = PBXFileSystemSynchronizedRootGroup;
			path = Forelesning_9;
			sourceTree = "<group>";
		};
		ECE5C4A42E82910F00E4E2F5 /* Forelesning_9Tests */ = {
			isa = PBXFileSystemSynchronizedRootGroup;
			path = Forelesning_9Tests;
			sourceTree = "<group>";
		};
		ECE5C4AE2E82910F00E4E2F5 /* Forelesning_9UITests */ = {
			isa = PBXFileSystemSynchronizedRootGroup;
			path = Forelesning_9UITests;
			sourceTree = "<group>";
		};
/* End PBXFileSystemSynchronizedRootGroup section */

/* Begin PBXFrameworksBuildPhase section */
		ECE5C4912E82910B00E4E2F5 /* Frameworks */ = {
			isa = PBXFrameworksBuildPhase;
			buildActionMask = 2147483647;
			files = (
			);
			runOnlyForDeploymentPostprocessing = 0;
		};
		ECE5C49E2E82910F00E4E2F5 /* Frameworks */ = {
			isa = PBXFrameworksBuildPhase;
			buildActionMask = 2147483647;
			files = (
			);
			runOnlyForDeploymentPostprocessing = 0;
		};
		ECE5C4A82E82910F00E4E2F5 /* Frameworks */ = {
			isa = PBXFrameworksBuildPhase;
			buildActionMask = 2147483647;
			files = (
			);
			runOnlyForDeploymentPostprocessing = 0;
		};
/* End PBXFrameworksBuildPhase section */

/* Begin PBXGroup section */
		ECE5C48B2E82910B00E4E2F5 = {
			isa = PBXGroup;
			children = (
				ECE5C4962E82910B00E4E2F5 /* Forelesning_9 */,
				ECE5C4A42E82910F00E4E2F5 /* Forelesning_9Tests */,
				ECE5C4AE2E82910F00E4E2F5 /* Forelesning_9UITests */,
				ECE5C4952E82910B00E4E2F5 /* Products */,
			);
			sourceTree = "<group>";
		};
		ECE5C4952E82910B00E4E2F5 /* Products */ = {
			isa = PBXGroup;
			children = (
				ECE5C4942E82910B00E4E2F5 /* Forelesning_9.app */,
				ECE5C4A12E82910F00E4E2F5 /* Forelesning_9Tests.xctest */,
				ECE5C4AB2E82910F00E4E2F5 /* Forelesning_9UITests.xctest */,
			);
			name = Products;
			sourceTree = "<group>";
		};
/* End PBXGroup section */

/* Begin PBXNativeTarget section */
		ECE5C4932E82910B00E4E2F5 /* Forelesning_9 */ = {
			isa = PBXNativeTarget;
			buildConfigurationList = ECE5C4B52E82910F00E4E2F5 /* Build configuration list for PBXNativeTarget "Forelesning_9" */;
			buildPhases = (
				ECE5C4902E82910B00E4E2F5 /* Sources */,
				ECE5C4912E82910B00E4E2F5 /* Frameworks */,
				ECE5C4922E82910B00E4E2F5 /* Resources */,
			);
			buildRules = (
			);
			dependencies = (
			);
			fileSystemSynchronizedGroups = (
				ECE5C4962E82910B00E4E2F5 /* Forelesning_9 */,
			);
			name = Forelesning_9;
			packageProductDependencies = (
			);
			productName = Forelesning_9;
			productReference = ECE5C4942E82910B00E4E2F5 /* Forelesning_9.app */;
			productType = "com.apple.product-type.application";
		};
		ECE5C4A02E82910F00E4E2F5 /* Forelesning_9Tests */ = {
			isa = PBXNativeTarget;
			buildConfigurationList = ECE5C4B82E82910F00E4E2F5 /* Build configuration list for PBXNativeTarget "Forelesning_9Tests" */;
			buildPhases = (
				ECE5C49D2E82910F00E4E2F5 /* Sources */,
				ECE5C49E2E82910F00E4E2F5 /* Frameworks */,
				ECE5C49F2E82910F00E4E2F5 /* Resources */,
			);
			buildRules = (
			);
			dependencies = (
				ECE5C4A32E82910F00E4E2F5 /* PBXTargetDependency */,
			);
			fileSystemSynchronizedGroups = (
				ECE5C4A42E82910F00E4E2F5 /* Forelesning_9Tests */,
			);
			name = Forelesning_9Tests;
			packageProductDependencies = (
			);
			productName = Forelesning_9Tests;
			productReference = ECE5C4A12E82910F00E4E2F5 /* Forelesning_9Tests.xctest */;
			productType = "com.apple.product-type.bundle.unit-test";
		};
		ECE5C4AA2E82910F00E4E2F5 /* Forelesning_9UITests */ = {
			isa = PBXNativeTarget;
			buildConfigurationList = ECE5C4BB2E82910F00E4E2F5 /* Build configuration list for PBXNativeTarget "Forelesning_9UITests" */;
			buildPhases = (
				ECE5C4A72E82910F00E4E2F5 /* Sources */,
				ECE5C4A82E82910F00E4E2F5 /* Frameworks */,
				ECE5C4A92E82910F00E4E2F5 /* Resources */,
			);
			buildRules = (
			);
			dependencies = (
				ECE5C4AD2E82910F00E4E2F5 /* PBXTargetDependency */,
			);
			fileSystemSynchronizedGroups = (
				ECE5C4AE2E82910F00E4E2F5 /* Forelesning_9UITests */,
			);
			name = Forelesning_9UITests;
			packageProductDependencies = (
			);
			productName = Forelesning_9UITests;
			productReference = ECE5C4AB2E82910F00E4E2F5 /* Forelesning_9UITests.xctest */;
			productType = "com.apple.product-type.bundle.ui-testing";
		};
/* End PBXNativeTarget section */

/* Begin PBXProject section */
		ECE5C48C2E82910B00E4E2F5 /* Project object */ = {
			isa = PBXProject;
			attributes = {
				BuildIndependentTargetsInParallel = 1;
				LastSwiftUpdateCheck = 2600;
				LastUpgradeCheck = 2600;
				TargetAttributes = {
					ECE5C4932E82910B00E4E2F5 = {
						CreatedOnToolsVersion = 26.0;
					};
					ECE5C4A02E82910F00E4E2F5 = {
						CreatedOnToolsVersion = 26.0;
						TestTargetID = ECE5C4932E82910B00E4E2F5;
					};
					ECE5C4AA2E82910F00E4E2F5 = {
						CreatedOnToolsVersion = 26.0;
						TestTargetID = ECE5C4932E82910B00E4E2F5;
					};
				};
			};
			buildConfigurationList = ECE5C48F2E82910B00E4E2F5 /* Build configuration list for PBXProject "Forelesning_9" */;
			developmentRegion = en;
			hasScannedForEncodings = 0;
			knownRegions = (
				en,
				Base,
			);
			mainGroup = ECE5C48B2E82910B00E4E2F5;
			minimizedProjectReferenceProxies = 1;
			preferredProjectObjectVersion = 77;
			productRefGroup = ECE5C4952E82910B00E4E2F5 /* Products */;
			projectDirPath = "";
			projectRoot = "";
			targets = (
				ECE5C4932E82910B00E4E2F5 /* Forelesning_9 */,
				ECE5C4A02E82910F00E4E2F5 /* Forelesning_9Tests */,
				ECE5C4AA2E82910F00E4E2F5 /* Forelesning_9UITests */,
			);
		};
/* End PBXProject section */

/* Begin PBXResourcesBuildPhase section */
		ECE5C4922E82910B00E4E2F5 /* Resources */ = {
			isa = PBXResourcesBuildPhase;
			buildActionMask = 2147483647;
			files = (
			);
			runOnlyForDeploymentPostprocessing = 0;
		};
		ECE5C49F2E82910F00E4E2F5 /* Resources */ = {
			isa = PBXResourcesBuildPhase;
			buildActionMask = 2147483647;
			files = (
			);
			runOnlyForDeploymentPostprocessing = 0;
		};
		ECE5C4A92E82910F00E4E2F5 /* Resources */ = {
			isa = PBXResourcesBuildPhase;
			buildActionMask = 2147483647;
			files = (
			);
			runOnlyForDeploymentPostprocessing = 0;
		};
/* End PBXResourcesBuildPhase section */

/* Begin PBXSourcesBuildPhase section */
		ECE5C4902E82910B00E4E2F5 /* Sources */ = {
			isa = PBXSourcesBuildPhase;
			buildActionMask = 2147483647;
			files = (
			);
			runOnlyForDeploymentPostprocessing = 0;
		};
		ECE5C49D2E82910F00E4E2F5 /* Sources */ = {
			isa = PBXSourcesBuildPhase;
			buildActionMask = 2147483647;
			files = (
			);
			runOnlyForDeploymentPostprocessing = 0;
		};
		ECE5C4A72E82910F00E4E2F5 /* Sources */ = {
			isa = PBXSourcesBuildPhase;
			buildActionMask = 2147483647;
			files = (
			);
			runOnlyForDeploymentPostprocessing = 0;
		};
/* End PBXSourcesBuildPhase section */

/* Begin PBXTargetDependency section */
		ECE5C4A32E82910F00E4E2F5 /* PBXTargetDependency */ = {
			isa = PBXTargetDependency;
			target = ECE5C4932E82910B00E4E2F5 /* Forelesning_9 */;
			targetProxy = ECE5C4A22E82910F00E4E2F5 /* PBXContainerItemProxy */;
		};
		ECE5C4AD2E82910F00E4E2F5 /* PBXTargetDependency */ = {
			isa = PBXTargetDependency;
			target = ECE5C4932E82910B00E4E2F5 /* Forelesning_9 */;
			targetProxy = ECE5C4AC2E82910F00E4E2F5 /* PBXContainerItemProxy */;
		};
/* End PBXTargetDependency section */

/* Begin XCBuildConfiguration section */
		ECE5C4B32E82910F00E4E2F5 /* Debug */ = {
			isa = XCBuildConfiguration;
			buildSettings = {
				ALWAYS_SEARCH_USER_PATHS = NO;
				ASSETCATALOG_COMPILER_GENERATE_SWIFT_ASSET_SYMBOL_EXTENSIONS = YES;
				CLANG_ANALYZER_NONNULL = YES;
				CLANG_ANALYZER_NUMBER_OBJECT_CONVERSION = YES_AGGRESSIVE;
				CLANG_CXX_LANGUAGE_STANDARD = "gnu++20";
				CLANG_ENABLE_MODULES = YES;
				CLANG_ENABLE_OBJC_ARC = YES;
				CLANG_ENABLE_OBJC_WEAK = YES;
				CLANG_WARN_BLOCK_CAPTURE_AUTORELEASING = YES;
				CLANG_WARN_BOOL_CONVERSION = YES;
				CLANG_WARN_COMMA = YES;
				CLANG_WARN_CONSTANT_CONVERSION = YES;
				CLANG_WARN_DEPRECATED_OBJC_IMPLEMENTATIONS = YES;
				CLANG_WARN_DIRECT_OBJC_ISA_USAGE = YES_ERROR;
				CLANG_WARN_DOCUMENTATION_COMMENTS = YES;
				CLANG_WARN_EMPTY_BODY = YES;
				CLANG_WARN_ENUM_CONVERSION = YES;
				CLANG_WARN_INFINITE_RECURSION = YES;
				CLANG_WARN_INT_CONVERSION = YES;
				CLANG_WARN_NON_LITERAL_NULL_CONVERSION = YES;
				CLANG_WARN_OBJC_IMPLICIT_RETAIN_SELF = YES;
				CLANG_WARN_OBJC_LITERAL_CONVERSION = YES;
				CLANG_WARN_OBJC_ROOT_CLASS = YES_ERROR;
				CLANG_WARN_QUOTED_INCLUDE_IN_FRAMEWORK_HEADER = YES;
				CLANG_WARN_RANGE_LOOP_ANALYSIS = YES;
				CLANG_WARN_STRICT_PROTOTYPES = YES;
				CLANG_WARN_SUSPICIOUS_MOVE = YES;
				CLANG_WARN_UNGUARDED_AVAILABILITY = YES_AGGRESSIVE;
				CLANG_WARN_UNREACHABLE_CODE = YES;
				CLANG_WARN__DUPLICATE_METHOD_MATCH = YES;
				COPY_PHASE_STRIP = NO;
				DEBUG_INFORMATION_FORMAT = dwarf;
				DEVELOPMENT_TEAM = 5PKTA338CL;
				ENABLE_STRICT_OBJC_MSGSEND = YES;
				ENABLE_TESTABILITY = YES;
				ENABLE_USER_SCRIPT_SANDBOXING = YES;
				GCC_C_LANGUAGE_STANDARD = gnu17;
				GCC_DYNAMIC_NO_PIC = NO;
				GCC_NO_COMMON_BLOCKS = YES;
				GCC_OPTIMIZATION_LEVEL = 0;
				GCC_PREPROCESSOR_DEFINITIONS = (
					"DEBUG=1",
					"$(inherited)",
				);
				GCC_WARN_64_TO_32_BIT_CONVERSION = YES;
				GCC_WARN_ABOUT_RETURN_TYPE = YES_ERROR;
				GCC_WARN_UNDECLARED_SELECTOR = YES;
				GCC_WARN_UNINITIALIZED_AUTOS = YES_AGGRESSIVE;
				GCC_WARN_UNUSED_FUNCTION = YES;
				GCC_WARN_UNUSED_VARIABLE = YES;
				IPHONEOS_DEPLOYMENT_TARGET = 26.0;
				LOCALIZATION_PREFERS_STRING_CATALOGS = YES;
				MTL_ENABLE_DEBUG_INFO = INCLUDE_SOURCE;
				MTL_FAST_MATH = YES;
				ONLY_ACTIVE_ARCH = YES;
				SDKROOT = iphoneos;
				SWIFT_ACTIVE_COMPILATION_CONDITIONS = "DEBUG $(inherited)";
				SWIFT_OPTIMIZATION_LEVEL = "-Onone";
			};
			name = Debug;
		};
		ECE5C4B42E82910F00E4E2F5 /* Release */ = {
			isa = XCBuildConfiguration;
			buildSettings = {
				ALWAYS_SEARCH_USER_PATHS = NO;
				ASSETCATALOG_COMPILER_GENERATE_SWIFT_ASSET_SYMBOL_EXTENSIONS = YES;
				CLANG_ANALYZER_NONNULL = YES;
				CLANG_ANALYZER_NUMBER_OBJECT_CONVERSION = YES_AGGRESSIVE;
				CLANG_CXX_LANGUAGE_STANDARD = "gnu++20";
				CLANG_ENABLE_MODULES = YES;
				CLANG_ENABLE_OBJC_ARC = YES;
				CLANG_ENABLE_OBJC_WEAK = YES;
				CLANG_WARN_BLOCK_CAPTURE_AUTORELEASING = YES;
				CLANG_WARN_BOOL_CONVERSION = YES;
				CLANG_WARN_COMMA = YES;
				CLANG_WARN_CONSTANT_CONVERSION = YES;
				CLANG_WARN_DEPRECATED_OBJC_IMPLEMENTATIONS = YES;
				CLANG_WARN_DIRECT_OBJC_ISA_USAGE = YES_ERROR;
				CLANG_WARN_DOCUMENTATION_COMMENTS = YES;
				CLANG_WARN_EMPTY_BODY = YES;
				CLANG_WARN_ENUM_CONVERSION = YES;
				CLANG_WARN_INFINITE_RECURSION = YES;
				CLANG_WARN_INT_CONVERSION = YES;
				CLANG_WARN_NON_LITERAL_NULL_CONVERSION = YES;
				CLANG_WARN_OBJC_IMPLICIT_RETAIN_SELF = YES;
				CLANG_WARN_OBJC_LITERAL_CONVERSION = YES;
				CLANG_WARN_OBJC_ROOT_CLASS = YES_ERROR;
				CLANG_WARN_QUOTED_INCLUDE_IN_FRAMEWORK_HEADER = YES;
				CLANG_WARN_RANGE_LOOP_ANALYSIS = YES;
				CLANG_WARN_STRICT_PROTOTYPES = YES;
				CLANG_WARN_SUSPICIOUS_MOVE = YES;
				CLANG_WARN_UNGUARDED_AVAILABILITY = YES_AGGRESSIVE;
				CLANG_WARN_UNREACHABLE_CODE = YES;
				CLANG_WARN__DUPLICATE_METHOD_MATCH = YES;
				COPY_PHASE_STRIP = NO;
				DEBUG_INFORMATION_FORMAT = "dwarf-with-dsym";
				DEVELOPMENT_TEAM = 5PKTA338CL;
				ENABLE_NS_ASSERTIONS = NO;
				ENABLE_STRICT_OBJC_MSGSEND = YES;
				ENABLE_USER_SCRIPT_SANDBOXING = YES;
				GCC_C_LANGUAGE_STANDARD = gnu17;
				GCC_NO_COMMON_BLOCKS = YES;
				GCC_WARN_64_TO_32_BIT_CONVERSION = YES;
				GCC_WARN_ABOUT_RETURN_TYPE = YES_ERROR;
				GCC_WARN_UNDECLARED_SELECTOR = YES;
				GCC_WARN_UNINITIALIZED_AUTOS = YES_AGGRESSIVE;
				GCC_WARN_UNUSED_FUNCTION = YES;
				GCC_WARN_UNUSED_VARIABLE = YES;
				IPHONEOS_DEPLOYMENT_TARGET = 26.0;
				LOCALIZATION_PREFERS_STRING_CATALOGS = YES;
				MTL_ENABLE_DEBUG_INFO = NO;
				MTL_FAST_MATH = YES;
				SDKROOT = iphoneos;
				SWIFT_COMPILATION_MODE = wholemodule;
				VALIDATE_PRODUCT = YES;
			};
			name = Release;
		};
		ECE5C4B62E82910F00E4E2F5 /* Debug */ = {
			isa = XCBuildConfiguration;
			buildSettings = {
				ASSETCATALOG_COMPILER_APPICON_NAME = AppIcon;
				ASSETCATALOG_COMPILER_GLOBAL_ACCENT_COLOR_NAME = AccentColor;
				CODE_SIGN_STYLE = Automatic;
				CURRENT_PROJECT_VERSION = 1;
				DEVELOPMENT_TEAM = 5PKTA338CL;
				ENABLE_PREVIEWS = YES;
				GENERATE_INFOPLIST_FILE = YES;
				INFOPLIST_KEY_UIApplicationSceneManifest_Generation = YES;
				INFOPLIST_KEY_UIApplicationSupportsIndirectInputEvents = YES;
				INFOPLIST_KEY_UILaunchScreen_Generation = YES;
				INFOPLIST_KEY_UISupportedInterfaceOrientations_iPad = "UIInterfaceOrientationPortrait UIInterfaceOrientationPortraitUpsideDown UIInterfaceOrientationLandscapeLeft UIInterfaceOrientationLandscapeRight";
				INFOPLIST_KEY_UISupportedInterfaceOrientations_iPhone = "UIInterfaceOrientationPortrait UIInterfaceOrientationLandscapeLeft UIInterfaceOrientationLandscapeRight";
				IPHONEOS_DEPLOYMENT_TARGET = 26.0;
				LD_RUNPATH_SEARCH_PATHS = (
					"$(inherited)",
					"@executable_path/Frameworks",
				);
				MARKETING_VERSION = 1.0;
				PRODUCT_BUNDLE_IDENTIFIER = "no.hakonbogen.test.Forelesning-9";
				PRODUCT_NAME = "$(TARGET_NAME)";
				STRING_CATALOG_GENERATE_SYMBOLS = YES;
				SWIFT_APPROACHABLE_CONCURRENCY = YES;
				SWIFT_DEFAULT_ACTOR_ISOLATION = MainActor;
				SWIFT_EMIT_LOC_STRINGS = YES;
				SWIFT_UPCOMING_FEATURE_MEMBER_IMPORT_VISIBILITY = YES;
				SWIFT_VERSION = 5.0;
				TARGETED_DEVICE_FAMILY = "1,2";
			};
			name = Debug;
		};
		ECE5C4B72E82910F00E4E2F5 /* Release */ = {
			isa = XCBuildConfiguration;
			buildSettings = {
				ASSETCATALOG_COMPILER_APPICON_NAME = AppIcon;
				ASSETCATALOG_COMPILER_GLOBAL_ACCENT_COLOR_NAME = AccentColor;
				CODE_SIGN_STYLE = Automatic;
				CURRENT_PROJECT_VERSION = 1;
				DEVELOPMENT_TEAM = 5PKTA338CL;
				ENABLE_PREVIEWS = YES;
				GENERATE_INFOPLIST_FILE = YES;
				INFOPLIST_KEY_UIApplicationSceneManifest_Generation = YES;
				INFOPLIST_KEY_UIApplicationSupportsIndirectInputEvents = YES;
				INFOPLIST_KEY_UILaunchScreen_Generation = YES;
				INFOPLIST_KEY_UISupportedInterfaceOrientations_iPad = "UIInterfaceOrientationPortrait UIInterfaceOrientationPortraitUpsideDown UIInterfaceOrientationLandscapeLeft UIInterfaceOrientationLandscapeRight";
				INFOPLIST_KEY_UISupportedInterfaceOrientations_iPhone = "UIInterfaceOrientationPortrait UIInterfaceOrientationLandscapeLeft UIInterfaceOrientationLandscapeRight";
				IPHONEOS_DEPLOYMENT_TARGET = 26.0;
				LD_RUNPATH_SEARCH_PATHS = (
					"$(inherited)",
					"@executable_path/Frameworks",
				);
				MARKETING_VERSION = 1.0;
				PRODUCT_BUNDLE_IDENTIFIER = "no.hakonbogen.test.Forelesning-9";
				PRODUCT_NAME = "$(TARGET_NAME)";
				STRING_CATALOG_GENERATE_SYMBOLS = YES;
				SWIFT_APPROACHABLE_CONCURRENCY = YES;
				SWIFT_DEFAULT_ACTOR_ISOLATION = MainActor;
				SWIFT_EMIT_LOC_STRINGS = YES;
				SWIFT_UPCOMING_FEATURE_MEMBER_IMPORT_VISIBILITY = YES;
				SWIFT_VERSION = 5.0;
				TARGETED_DEVICE_FAMILY = "1,2";
			};
			name = Release;
		};
		ECE5C4B92E82910F00E4E2F5 /* Debug */ = {
			isa = XCBuildConfiguration;
			buildSettings = {
				BUNDLE_LOADER = "$(TEST_HOST)";
				CODE_SIGN_STYLE = Automatic;
				CURRENT_PROJECT_VERSION = 1;
				DEVELOPMENT_TEAM = 5PKTA338CL;
				GENERATE_INFOPLIST_FILE = YES;
				IPHONEOS_DEPLOYMENT_TARGET = 26.0;
				MARKETING_VERSION = 1.0;
				PRODUCT_BUNDLE_IDENTIFIER = "no.hakonbogen.test.Forelesning-9Tests";
				PRODUCT_NAME = "$(TARGET_NAME)";
				STRING_CATALOG_GENERATE_SYMBOLS = NO;
				SWIFT_APPROACHABLE_CONCURRENCY = YES;
				SWIFT_EMIT_LOC_STRINGS = NO;
				SWIFT_UPCOMING_FEATURE_MEMBER_IMPORT_VISIBILITY = YES;
				SWIFT_VERSION = 5.0;
				TARGETED_DEVICE_FAMILY = "1,2";
				TEST_HOST = "$(BUILT_PRODUCTS_DIR)/Forelesning_9.app/$(BUNDLE_EXECUTABLE_FOLDER_PATH)/Forelesning_9";
			};
			name = Debug;
		};
		ECE5C4BA2E82910F00E4E2F5 /* Release */ = {
			isa = XCBuildConfiguration;
			buildSettings = {
				BUNDLE_LOADER = "$(TEST_HOST)";
				CODE_SIGN_STYLE = Automatic;
				CURRENT_PROJECT_VERSION = 1;
				DEVELOPMENT_TEAM = 5PKTA338CL;
				GENERATE_INFOPLIST_FILE = YES;
				IPHONEOS_DEPLOYMENT_TARGET = 26.0;
				MARKETING_VERSION = 1.0;
				PRODUCT_BUNDLE_IDENTIFIER = "no.hakonbogen.test.Forelesning-9Tests";
				PRODUCT_NAME = "$(TARGET_NAME)";
				STRING_CATALOG_GENERATE_SYMBOLS = NO;
				SWIFT_APPROACHABLE_CONCURRENCY = YES;
				SWIFT_EMIT_LOC_STRINGS = NO;
				SWIFT_UPCOMING_FEATURE_MEMBER_IMPORT_VISIBILITY = YES;
				SWIFT_VERSION = 5.0;
				TARGETED_DEVICE_FAMILY = "1,2";
				TEST_HOST = "$(BUILT_PRODUCTS_DIR)/Forelesning_9.app/$(BUNDLE_EXECUTABLE_FOLDER_PATH)/Forelesning_9";
			};
			name = Release;
		};
		ECE5C4BC2E82910F00E4E2F5 /* Debug */ = {
			isa = XCBuildConfiguration;
			buildSettings = {
				CODE_SIGN_STYLE = Automatic;
				CURRENT_PROJECT_VERSION = 1;
				DEVELOPMENT_TEAM = 5PKTA338CL;
				GENERATE_INFOPLIST_FILE = YES;
				MARKETING_VERSION = 1.0;
				PRODUCT_BUNDLE_IDENTIFIER = "no.hakonbogen.test.Forelesning-9UITests";
				PRODUCT_NAME = "$(TARGET_NAME)";
				STRING_CATALOG_GENERATE_SYMBOLS = NO;
				SWIFT_APPROACHABLE_CONCURRENCY = YES;
				SWIFT_EMIT_LOC_STRINGS = NO;
				SWIFT_UPCOMING_FEATURE_MEMBER_IMPORT_VISIBILITY = YES;
				SWIFT_VERSION = 5.0;
				TARGETED_DEVICE_FAMILY = "1,2";
				TEST_TARGET_NAME = Forelesning_9;
			};
			name = Debug;
		};
		ECE5C4BD2E82910F00E4E2F5 /* Release */ = {
			isa = XCBuildConfiguration;
			buildSettings = {
				CODE_SIGN_STYLE = Automatic;
				CURRENT_PROJECT_VERSION = 1;
				DEVELOPMENT_TEAM = 5PKTA338CL;
				GENERATE_INFOPLIST_FILE = YES;
				MARKETING_VERSION = 1.0;
				PRODUCT_BUNDLE_IDENTIFIER = "no.hakonbogen.test.Forelesning-9UITests";
				PRODUCT_NAME = "$(TARGET_NAME)";
				STRING_CATALOG_GENERATE_SYMBOLS = NO;
				SWIFT_APPROACHABLE_CONCURRENCY = YES;
				SWIFT_EMIT_LOC_STRINGS = NO;
				SWIFT_UPCOMING_FEATURE_MEMBER_IMPORT_VISIBILITY = YES;
				SWIFT_VERSION = 5.0;
				TARGETED_DEVICE_FAMILY = "1,2";
				TEST_TARGET_NAME = Forelesning_9;
			};
			name = Release;
		};
/* End XCBuildConfiguration section */

/* Begin XCConfigurationList section */
		ECE5C48F2E82910B00E4E2F5 /* Build configuration list for PBXProject "Forelesning_9" */ = {
			isa = XCConfigurationList;
			buildConfigurations = (
				ECE5C4B32E82910F00E4E2F5 /* Debug */,
				ECE5C4B42E82910F00E4E2F5 /* Release */,
			);
			defaultConfigurationIsVisible = 0;
			defaultConfigurationName = Release;
		};
		ECE5C4B52E82910F00E4E2F5 /* Build configuration list for PBXNativeTarget "Forelesning_9" */ = {
			isa = XCConfigurationList;
			buildConfigurations = (
				ECE5C4B62E82910F00E4E2F5 /* Debug */,
				ECE5C4B72E82910F00E4E2F5 /* Release */,
			);
			defaultConfigurationIsVisible = 0;
			defaultConfigurationName = Release;
		};
		ECE5C4B82E82910F00E4E2F5 /* Build configuration list for PBXNativeTarget "Forelesning_9Tests" */ = {
			isa = XCConfigurationList;
			buildConfigurations = (
				ECE5C4B92E82910F00E4E2F5 /* Debug */,
				ECE5C4BA2E82910F00E4E2F5 /* Release */,
			);
			defaultConfigurationIsVisible = 0;
			defaultConfigurationName = Release;
		};
		ECE5C4BB2E82910F00E4E2F5 /* Build configuration list for PBXNativeTarget "Forelesning_9UITests" */ = {
			isa = XCConfigurationList;
			buildConfigurations = (
				ECE5C4BC2E82910F00E4E2F5 /* Debug */,
				ECE5C4BD2E82910F00E4E2F5 /* Release */,
			);
			defaultConfigurationIsVisible = 0;
			defaultConfigurationName = Release;
		};
/* End XCConfigurationList section */
	};
	rootObject = ECE5C48C2E82910B00E4E2F5 /* Project object */;
}
