// !$*UTF8*$!
{
	archiveVersion = 1;
	classes = {
	};
	objectVersion = 56;
	objects = {

/* Begin PBXBuildFile section */
		ECE2C7832AFA54C500B6E27E /* Forelesning22App.swift in Sources */ = {isa = PBXBuildFile; fileRef = ECE2C7822AFA54C500B6E27E /* Forelesning22App.swift */; };
		ECE2C7852AFA54C500B6E27E /* ContentView.swift in Sources */ = {isa = PBXBuildFile; fileRef = ECE2C7842AFA54C500B6E27E /* ContentView.swift */; };
		ECE2C7872AFA54C600B6E27E /* Assets.xcassets in Resources */ = {isa = PBXBuildFile; fileRef = ECE2C7862AFA54C600B6E27E /* Assets.xcassets */; };
		ECE2C78A2AFA54C600B6E27E /* Preview Assets.xcassets in Resources */ = {isa = PBXBuildFile; fileRef = ECE2C7892AFA54C600B6E27E /* Preview Assets.xcassets */; };
		ECE2C78C2AFA54C600B6E27E /* Persistence.swift in Sources */ = {isa = PBXBuildFile; fileRef = ECE2C78B2AFA54C600B6E27E /* Persistence.swift */; };
		ECE2C78F2AFA54C600B6E27E /* Forelesning22.xcdatamodeld in Sources */ = {isa = PBXBuildFile; fileRef = ECE2C78D2AFA54C600B6E27E /* Forelesning22.xcdatamodeld */; };
		ECE2C7992AFA54C700B6E27E /* Forelesning22Tests.swift in Sources */ = {isa = PBXBuildFile; fileRef = ECE2C7982AFA54C700B6E27E /* Forelesning22Tests.swift */; };
		ECE2C7A32AFA54C700B6E27E /* Forelesning22UITests.swift in Sources */ = {isa = PBXBuildFile; fileRef = ECE2C7A22AFA54C700B6E27E /* Forelesning22UITests.swift */; };
		ECE2C7A52AFA54C700B6E27E /* Forelesning22UITestsLaunchTests.swift in Sources */ = {isa = PBXBuildFile; fileRef = ECE2C7A42AFA54C700B6E27E /* Forelesning22UITestsLaunchTests.swift */; };
		ECE2C7B52AFA56E800B6E27E /* School+CoreDataClass.swift in Sources */ = {isa = PBXBuildFile; fileRef = ECE2C7B12AFA56E800B6E27E /* School+CoreDataClass.swift */; };
		ECE2C7B72AFA56E800B6E27E /* Student+CoreDataClass.swift in Sources */ = {isa = PBXBuildFile; fileRef = ECE2C7B32AFA56E800B6E27E /* Student+CoreDataClass.swift */; };
		ECE2C7B82AFA56E800B6E27E /* Student+CoreDataProperties.swift in Sources */ = {isa = PBXBuildFile; fileRef = ECE2C7B42AFA56E800B6E27E /* Student+CoreDataProperties.swift */; };
		ECE2C7BC2AFA67CE00B6E27E /* School+CoreDataProperties.swift in Sources */ = {isa = PBXBuildFile; fileRef = ECE2C7BA2AFA67CE00B6E27E /* School+CoreDataProperties.swift */; };
		ECE2C7C12AFA68D900B6E27E /* Teacher+CoreDataClass.swift in Sources */ = {isa = PBXBuildFile; fileRef = ECE2C7BF2AFA68D900B6E27E /* Teacher+CoreDataClass.swift */; };
		ECE2C7C22AFA68D900B6E27E /* Teacher+CoreDataProperties.swift in Sources */ = {isa = PBXBuildFile; fileRef = ECE2C7C02AFA68D900B6E27E /* Teacher+CoreDataProperties.swift */; };
/* End PBXBuildFile section */

/* Begin PBXContainerItemProxy section */
		ECE2C7952AFA54C700B6E27E /* PBXContainerItemProxy */ = {
			isa = PBXContainerItemProxy;
			containerPortal = ECE2C7772AFA54C500B6E27E /* Project object */;
			proxyType = 1;
			remoteGlobalIDString = ECE2C77E2AFA54C500B6E27E;
			remoteInfo = Forelesning22;
		};
		ECE2C79F2AFA54C700B6E27E /* PBXContainerItemProxy */ = {
			isa = PBXContainerItemProxy;
			containerPortal = ECE2C7772AFA54C500B6E27E /* Project object */;
			proxyType = 1;
			remoteGlobalIDString = ECE2C77E2AFA54C500B6E27E;
			remoteInfo = Forelesning22;
		};
/* End PBXContainerItemProxy section */

/* Begin PBXFileReference section */
		ECE2C77F2AFA54C500B6E27E /* Forelesning22.app */ = {isa = PBXFileReference; explicitFileType = wrapper.application; includeInIndex = 0; path = Forelesning22.app; sourceTree = BUILT_PRODUCTS_DIR; };
		ECE2C7822AFA54C500B6E27E /* Forelesning22App.swift */ = {isa = PBXFileReference; lastKnownFileType = sourcecode.swift; path = Forelesning22App.swift; sourceTree = "<group>"; };
		ECE2C7842AFA54C500B6E27E /* ContentView.swift */ = {isa = PBXFileReference; lastKnownFileType = sourcecode.swift; path = ContentView.swift; sourceTree = "<group>"; };
		ECE2C7862AFA54C600B6E27E /* Assets.xcassets */ = {isa = PBXFileReference; lastKnownFileType = folder.assetcatalog; path = Assets.xcassets; sourceTree = "<group>"; };
		ECE2C7892AFA54C600B6E27E /* Preview Assets.xcassets */ = {isa = PBXFileReference; lastKnownFileType = folder.assetcatalog; path = "Preview Assets.xcassets"; sourceTree = "<group>"; };
		ECE2C78B2AFA54C600B6E27E /* Persistence.swift */ = {isa = PBXFileReference; lastKnownFileType = sourcecode.swift; path = Persistence.swift; sourceTree = "<group>"; };
		ECE2C78E2AFA54C600B6E27E /* Forelesning22.xcdatamodel */ = {isa = PBXFileReference; lastKnownFileType = wrapper.xcdatamodel; path = Forelesning22.xcdatamodel; sourceTree = "<group>"; };
		ECE2C7942AFA54C700B6E27E /* Forelesning22Tests.xctest */ = {isa = PBXFileReference; explicitFileType = wrapper.cfbundle; includeInIndex = 0; path = Forelesning22Tests.xctest; sourceTree = BUILT_PRODUCTS_DIR; };
		ECE2C7982AFA54C700B6E27E /* Forelesning22Tests.swift */ = {isa = PBXFileReference; lastKnownFileType = sourcecode.swift; path = Forelesning22Tests.swift; sourceTree = "<group>"; };
		ECE2C79E2AFA54C700B6E27E /* Forelesning22UITests.xctest */ = {isa = PBXFileReference; explicitFileType = wrapper.cfbundle; includeInIndex = 0; path = Forelesning22UITests.xctest; sourceTree = BUILT_PRODUCTS_DIR; };
		ECE2C7A22AFA54C700B6E27E /* Forelesning22UITests.swift */ = {isa = PBXFileReference; lastKnownFileType = sourcecode.swift; path = Forelesning22UITests.swift; sourceTree = "<group>"; };
		ECE2C7A42AFA54C700B6E27E /* Forelesning22UITestsLaunchTests.swift */ = {isa = PBXFileReference; lastKnownFileType = sourcecode.swift; path = Forelesning22UITestsLaunchTests.swift; sourceTree = "<group>"; };
		ECE2C7B12AFA56E800B6E27E /* School+CoreDataClass.swift */ = {isa = PBXFileReference; lastKnownFileType = sourcecode.swift; name = "School+CoreDataClass.swift"; path = "Forelesning22/School+CoreDataClass.swift"; sourceTree = "<group>"; };
		ECE2C7B32AFA56E800B6E27E /* Student+CoreDataClass.swift */ = {isa = PBXFileReference; lastKnownFileType = sourcecode.swift; name = "Student+CoreDataClass.swift"; path = "Forelesning22/Student+CoreDataClass.swift"; sourceTree = "<group>"; };
		ECE2C7B42AFA56E800B6E27E /* Student+CoreDataProperties.swift */ = {isa = PBXFileReference; lastKnownFileType = sourcecode.swift; name = "Student+CoreDataProperties.swift"; path = "Forelesning22/Student+CoreDataProperties.swift"; sourceTree = "<group>"; };
		ECE2C7BA2AFA67CE00B6E27E /* School+CoreDataProperties.swift */ = {isa = PBXFileReference; lastKnownFileType = sourcecode.swift; path = "School+CoreDataProperties.swift"; sourceTree = "<group>"; };
		ECE2C7BF2AFA68D900B6E27E /* Teacher+CoreDataClass.swift */ = {isa = PBXFileReference; lastKnownFileType = sourcecode.swift; name = "Teacher+CoreDataClass.swift"; path = "Forelesning22/Teacher+CoreDataClass.swift"; sourceTree = "<group>"; };
		ECE2C7C02AFA68D900B6E27E /* Teacher+CoreDataProperties.swift */ = {isa = PBXFileReference; lastKnownFileType = sourcecode.swift; name = "Teacher+CoreDataProperties.swift"; path = "Forelesning22/Teacher+CoreDataProperties.swift"; sourceTree = "<group>"; };
/* End PBXFileReference section */

/* Begin PBXFrameworksBuildPhase section */
		ECE2C77C2AFA54C500B6E27E /* Frameworks */ = {
			isa = PBXFrameworksBuildPhase;
			buildActionMask = 2147483647;
			files = (
			);
			runOnlyForDeploymentPostprocessing = 0;
		};
		ECE2C7912AFA54C700B6E27E /* Frameworks */ = {
			isa = PBXFrameworksBuildPhase;
			buildActionMask = 2147483647;
			files = (
			);
			runOnlyForDeploymentPostprocessing = 0;
		};
		ECE2C79B2AFA54C700B6E27E /* Frameworks */ = {
			isa = PBXFrameworksBuildPhase;
			buildActionMask = 2147483647;
			files = (
			);
			runOnlyForDeploymentPostprocessing = 0;
		};
/* End PBXFrameworksBuildPhase section */

/* Begin PBXGroup section */
		ECE2C7762AFA54C500B6E27E = {
			isa = PBXGroup;
			children = (
				ECE2C7BF2AFA68D900B6E27E /* Teacher+CoreDataClass.swift */,
				ECE2C7C02AFA68D900B6E27E /* Teacher+CoreDataProperties.swift */,
				ECE2C7BA2AFA67CE00B6E27E /* School+CoreDataProperties.swift */,
				ECE2C7B12AFA56E800B6E27E /* School+CoreDataClass.swift */,
				ECE2C7B32AFA56E800B6E27E /* Student+CoreDataClass.swift */,
				ECE2C7B42AFA56E800B6E27E /* Student+CoreDataProperties.swift */,
				ECE2C7812AFA54C500B6E27E /* Forelesning22 */,
				ECE2C7972AFA54C700B6E27E /* Forelesning22Tests */,
				ECE2C7A12AFA54C700B6E27E /* Forelesning22UITests */,
				ECE2C7802AFA54C500B6E27E /* Products */,
			);
			sourceTree = "<group>";
		};
		ECE2C7802AFA54C500B6E27E /* Products */ = {
			isa = PBXGroup;
			children = (
				ECE2C77F2AFA54C500B6E27E /* Forelesning22.app */,
				ECE2C7942AFA54C700B6E27E /* Forelesning22Tests.xctest */,
				ECE2C79E2AFA54C700B6E27E /* Forelesning22UITests.xctest */,
			);
			name = Products;
			sourceTree = "<group>";
		};
		ECE2C7812AFA54C500B6E27E /* Forelesning22 */ = {
			isa = PBXGroup;
			children = (
				ECE2C7822AFA54C500B6E27E /* Forelesning22App.swift */,
				ECE2C7842AFA54C500B6E27E /* ContentView.swift */,
				ECE2C7862AFA54C600B6E27E /* Assets.xcassets */,
				ECE2C78B2AFA54C600B6E27E /* Persistence.swift */,
				ECE2C78D2AFA54C600B6E27E /* Forelesning22.xcdatamodeld */,
				ECE2C7882AFA54C600B6E27E /* Preview Content */,
			);
			path = Forelesning22;
			sourceTree = "<group>";
		};
		ECE2C7882AFA54C600B6E27E /* Preview Content */ = {
			isa = PBXGroup;
			children = (
				ECE2C7892AFA54C600B6E27E /* Preview Assets.xcassets */,
			);
			path = "Preview Content";
			sourceTree = "<group>";
		};
		ECE2C7972AFA54C700B6E27E /* Forelesning22Tests */ = {
			isa = PBXGroup;
			children = (
				ECE2C7982AFA54C700B6E27E /* Forelesning22Tests.swift */,
			);
			path = Forelesning22Tests;
			sourceTree = "<group>";
		};
		ECE2C7A12AFA54C700B6E27E /* Forelesning22UITests */ = {
			isa = PBXGroup;
			children = (
				ECE2C7A22AFA54C700B6E27E /* Forelesning22UITests.swift */,
				ECE2C7A42AFA54C700B6E27E /* Forelesning22UITestsLaunchTests.swift */,
			);
			path = Forelesning22UITests;
			sourceTree = "<group>";
		};
/* End PBXGroup section */

/* Begin PBXNativeTarget section */
		ECE2C77E2AFA54C500B6E27E /* Forelesning22 */ = {
			isa = PBXNativeTarget;
			buildConfigurationList = ECE2C7A82AFA54C700B6E27E /* Build configuration list for PBXNativeTarget "Forelesning22" */;
			buildPhases = (
				ECE2C77B2AFA54C500B6E27E /* Sources */,
				ECE2C77C2AFA54C500B6E27E /* Frameworks */,
				ECE2C77D2AFA54C500B6E27E /* Resources */,
			);
			buildRules = (
			);
			dependencies = (
			);
			name = Forelesning22;
			productName = Forelesning22;
			productReference = ECE2C77F2AFA54C500B6E27E /* Forelesning22.app */;
			productType = "com.apple.product-type.application";
		};
		ECE2C7932AFA54C700B6E27E /* Forelesning22Tests */ = {
			isa = PBXNativeTarget;
			buildConfigurationList = ECE2C7AB2AFA54C700B6E27E /* Build configuration list for PBXNativeTarget "Forelesning22Tests" */;
			buildPhases = (
				ECE2C7902AFA54C700B6E27E /* Sources */,
				ECE2C7912AFA54C700B6E27E /* Frameworks */,
				ECE2C7922AFA54C700B6E27E /* Resources */,
			);
			buildRules = (
			);
			dependencies = (
				ECE2C7962AFA54C700B6E27E /* PBXTargetDependency */,
			);
			name = Forelesning22Tests;
			productName = Forelesning22Tests;
			productReference = ECE2C7942AFA54C700B6E27E /* Forelesning22Tests.xctest */;
			productType = "com.apple.product-type.bundle.unit-test";
		};
		ECE2C79D2AFA54C700B6E27E /* Forelesning22UITests */ = {
			isa = PBXNativeTarget;
			buildConfigurationList = ECE2C7AE2AFA54C700B6E27E /* Build configuration list for PBXNativeTarget "Forelesning22UITests" */;
			buildPhases = (
				ECE2C79A2AFA54C700B6E27E /* Sources */,
				ECE2C79B2AFA54C700B6E27E /* Frameworks */,
				ECE2C79C2AFA54C700B6E27E /* Resources */,
			);
			buildRules = (
			);
			dependencies = (
				ECE2C7A02AFA54C700B6E27E /* PBXTargetDependency */,
			);
			name = Forelesning22UITests;
			productName = Forelesning22UITests;
			productReference = ECE2C79E2AFA54C700B6E27E /* Forelesning22UITests.xctest */;
			productType = "com.apple.product-type.bundle.ui-testing";
		};
/* End PBXNativeTarget section */

/* Begin PBXProject section */
		ECE2C7772AFA54C500B6E27E /* Project object */ = {
			isa = PBXProject;
			attributes = {
				BuildIndependentTargetsInParallel = 1;
				LastSwiftUpdateCheck = 1410;
				LastUpgradeCheck = 1410;
				TargetAttributes = {
					ECE2C77E2AFA54C500B6E27E = {
						CreatedOnToolsVersion = 14.1;
					};
					ECE2C7932AFA54C700B6E27E = {
						CreatedOnToolsVersion = 14.1;
						TestTargetID = ECE2C77E2AFA54C500B6E27E;
					};
					ECE2C79D2AFA54C700B6E27E = {
						CreatedOnToolsVersion = 14.1;
						TestTargetID = ECE2C77E2AFA54C500B6E27E;
					};
				};
			};
			buildConfigurationList = ECE2C77A2AFA54C500B6E27E /* Build configuration list for PBXProject "Forelesning22" */;
			compatibilityVersion = "Xcode 14.0";
			developmentRegion = en;
			hasScannedForEncodings = 0;
			knownRegions = (
				en,
				Base,
			);
			mainGroup = ECE2C7762AFA54C500B6E27E;
			productRefGroup = ECE2C7802AFA54C500B6E27E /* Products */;
			projectDirPath = "";
			projectRoot = "";
			targets = (
				ECE2C77E2AFA54C500B6E27E /* Forelesning22 */,
				ECE2C7932AFA54C700B6E27E /* Forelesning22Tests */,
				ECE2C79D2AFA54C700B6E27E /* Forelesning22UITests */,
			);
		};
/* End PBXProject section */

/* Begin PBXResourcesBuildPhase section */
		ECE2C77D2AFA54C500B6E27E /* Resources */ = {
			isa = PBXResourcesBuildPhase;
			buildActionMask = 2147483647;
			files = (
				ECE2C78A2AFA54C600B6E27E /* Preview Assets.xcassets in Resources */,
				ECE2C7872AFA54C600B6E27E /* Assets.xcassets in Resources */,
			);
			runOnlyForDeploymentPostprocessing = 0;
		};
		ECE2C7922AFA54C700B6E27E /* Resources */ = {
			isa = PBXResourcesBuildPhase;
			buildActionMask = 2147483647;
			files = (
			);
			runOnlyForDeploymentPostprocessing = 0;
		};
		ECE2C79C2AFA54C700B6E27E /* Resources */ = {
			isa = PBXResourcesBuildPhase;
			buildActionMask = 2147483647;
			files = (
			);
			runOnlyForDeploymentPostprocessing = 0;
		};
/* End PBXResourcesBuildPhase section */

/* Begin PBXSourcesBuildPhase section */
		ECE2C77B2AFA54C500B6E27E /* Sources */ = {
			isa = PBXSourcesBuildPhase;
			buildActionMask = 2147483647;
			files = (
				ECE2C7C22AFA68D900B6E27E /* Teacher+CoreDataProperties.swift in Sources */,
				ECE2C78C2AFA54C600B6E27E /* Persistence.swift in Sources */,
				ECE2C7852AFA54C500B6E27E /* ContentView.swift in Sources */,
				ECE2C7B82AFA56E800B6E27E /* Student+CoreDataProperties.swift in Sources */,
				ECE2C7BC2AFA67CE00B6E27E /* School+CoreDataProperties.swift in Sources */,
				ECE2C7C12AFA68D900B6E27E /* Teacher+CoreDataClass.swift in Sources */,
				ECE2C78F2AFA54C600B6E27E /* Forelesning22.xcdatamodeld in Sources */,
				ECE2C7B72AFA56E800B6E27E /* Student+CoreDataClass.swift in Sources */,
				ECE2C7832AFA54C500B6E27E /* Forelesning22App.swift in Sources */,
				ECE2C7B52AFA56E800B6E27E /* School+CoreDataClass.swift in Sources */,
			);
			runOnlyForDeploymentPostprocessing = 0;
		};
		ECE2C7902AFA54C700B6E27E /* Sources */ = {
			isa = PBXSourcesBuildPhase;
			buildActionMask = 2147483647;
			files = (
				ECE2C7992AFA54C700B6E27E /* Forelesning22Tests.swift in Sources */,
			);
			runOnlyForDeploymentPostprocessing = 0;
		};
		ECE2C79A2AFA54C700B6E27E /* Sources */ = {
			isa = PBXSourcesBuildPhase;
			buildActionMask = 2147483647;
			files = (
				ECE2C7A32AFA54C700B6E27E /* Forelesning22UITests.swift in Sources */,
				ECE2C7A52AFA54C700B6E27E /* Forelesning22UITestsLaunchTests.swift in Sources */,
			);
			runOnlyForDeploymentPostprocessing = 0;
		};
/* End PBXSourcesBuildPhase section */

/* Begin PBXTargetDependency section */
		ECE2C7962AFA54C700B6E27E /* PBXTargetDependency */ = {
			isa = PBXTargetDependency;
			target = ECE2C77E2AFA54C500B6E27E /* Forelesning22 */;
			targetProxy = ECE2C7952AFA54C700B6E27E /* PBXContainerItemProxy */;
		};
		ECE2C7A02AFA54C700B6E27E /* PBXTargetDependency */ = {
			isa = PBXTargetDependency;
			target = ECE2C77E2AFA54C500B6E27E /* Forelesning22 */;
			targetProxy = ECE2C79F2AFA54C700B6E27E /* PBXContainerItemProxy */;
		};
/* End PBXTargetDependency section */

/* Begin XCBuildConfiguration section */
		ECE2C7A62AFA54C700B6E27E /* Debug */ = {
			isa = XCBuildConfiguration;
			buildSettings = {
				ALWAYS_SEARCH_USER_PATHS = NO;
				CLANG_ANALYZER_NONNULL = YES;
				CLANG_ANALYZER_NUMBER_OBJECT_CONVERSION = YES_AGGRESSIVE;
				CLANG_CXX_LANGUAGE_STANDARD = "gnu++20";
				CLANG_ENABLE_MODULES = YES;
				CLANG_ENABLE_OBJC_ARC = YES;
				CLANG_ENABLE_OBJC_WEAK = YES;
				CLANG_WARN_BLOCK_CAPTURE_AUTORELEASING = YES;
				CLANG_WARN_BOOL_CONVERSION = YES;
				CLANG_WARN_COMMA = YES;
				CLANG_WARN_CONSTANT_CONVERSION = YES;
				CLANG_WARN_DEPRECATED_OBJC_IMPLEMENTATIONS = YES;
				CLANG_WARN_DIRECT_OBJC_ISA_USAGE = YES_ERROR;
				CLANG_WARN_DOCUMENTATION_COMMENTS = YES;
				CLANG_WARN_EMPTY_BODY = YES;
				CLANG_WARN_ENUM_CONVERSION = YES;
				CLANG_WARN_INFINITE_RECURSION = YES;
				CLANG_WARN_INT_CONVERSION = YES;
				CLANG_WARN_NON_LITERAL_NULL_CONVERSION = YES;
				CLANG_WARN_OBJC_IMPLICIT_RETAIN_SELF = YES;
				CLANG_WARN_OBJC_LITERAL_CONVERSION = YES;
				CLANG_WARN_OBJC_ROOT_CLASS = YES_ERROR;
				CLANG_WARN_QUOTED_INCLUDE_IN_FRAMEWORK_HEADER = YES;
				CLANG_WARN_RANGE_LOOP_ANALYSIS = YES;
				CLANG_WARN_STRICT_PROTOTYPES = YES;
				CLANG_WARN_SUSPICIOUS_MOVE = YES;
				CLANG_WARN_UNGUARDED_AVAILABILITY = YES_AGGRESSIVE;
				CLANG_WARN_UNREACHABLE_CODE = YES;
				CLANG_WARN__DUPLICATE_METHOD_MATCH = YES;
				COPY_PHASE_STRIP = NO;
				DEBUG_INFORMATION_FORMAT = dwarf;
				ENABLE_STRICT_OBJC_MSGSEND = YES;
				ENABLE_TESTABILITY = YES;
				GCC_C_LANGUAGE_STANDARD = gnu11;
				GCC_DYNAMIC_NO_PIC = NO;
				GCC_NO_COMMON_BLOCKS = YES;
				GCC_OPTIMIZATION_LEVEL = 0;
				GCC_PREPROCESSOR_DEFINITIONS = (
					"DEBUG=1",
					"$(inherited)",
				);
				GCC_WARN_64_TO_32_BIT_CONVERSION = YES;
				GCC_WARN_ABOUT_RETURN_TYPE = YES_ERROR;
				GCC_WARN_UNDECLARED_SELECTOR = YES;
				GCC_WARN_UNINITIALIZED_AUTOS = YES_AGGRESSIVE;
				GCC_WARN_UNUSED_FUNCTION = YES;
				GCC_WARN_UNUSED_VARIABLE = YES;
				IPHONEOS_DEPLOYMENT_TARGET = 16.1;
				MTL_ENABLE_DEBUG_INFO = INCLUDE_SOURCE;
				MTL_FAST_MATH = YES;
				ONLY_ACTIVE_ARCH = YES;
				SDKROOT = iphoneos;
				SWIFT_ACTIVE_COMPILATION_CONDITIONS = DEBUG;
				SWIFT_OPTIMIZATION_LEVEL = "-Onone";
			};
			name = Debug;
		};
		ECE2C7A72AFA54C700B6E27E /* Release */ = {
			isa = XCBuildConfiguration;
			buildSettings = {
				ALWAYS_SEARCH_USER_PATHS = NO;
				CLANG_ANALYZER_NONNULL = YES;
				CLANG_ANALYZER_NUMBER_OBJECT_CONVERSION = YES_AGGRESSIVE;
				CLANG_CXX_LANGUAGE_STANDARD = "gnu++20";
				CLANG_ENABLE_MODULES = YES;
				CLANG_ENABLE_OBJC_ARC = YES;
				CLANG_ENABLE_OBJC_WEAK = YES;
				CLANG_WARN_BLOCK_CAPTURE_AUTORELEASING = YES;
				CLANG_WARN_BOOL_CONVERSION = YES;
				CLANG_WARN_COMMA = YES;
				CLANG_WARN_CONSTANT_CONVERSION = YES;
				CLANG_WARN_DEPRECATED_OBJC_IMPLEMENTATIONS = YES;
				CLANG_WARN_DIRECT_OBJC_ISA_USAGE = YES_ERROR;
				CLANG_WARN_DOCUMENTATION_COMMENTS = YES;
				CLANG_WARN_EMPTY_BODY = YES;
				CLANG_WARN_ENUM_CONVERSION = YES;
				CLANG_WARN_INFINITE_RECURSION = YES;
				CLANG_WARN_INT_CONVERSION = YES;
				CLANG_WARN_NON_LITERAL_NULL_CONVERSION = YES;
				CLANG_WARN_OBJC_IMPLICIT_RETAIN_SELF = YES;
				CLANG_WARN_OBJC_LITERAL_CONVERSION = YES;
				CLANG_WARN_OBJC_ROOT_CLASS = YES_ERROR;
				CLANG_WARN_QUOTED_INCLUDE_IN_FRAMEWORK_HEADER = YES;
				CLANG_WARN_RANGE_LOOP_ANALYSIS = YES;
				CLANG_WARN_STRICT_PROTOTYPES = YES;
				CLANG_WARN_SUSPICIOUS_MOVE = YES;
				CLANG_WARN_UNGUARDED_AVAILABILITY = YES_AGGRESSIVE;
				CLANG_WARN_UNREACHABLE_CODE = YES;
				CLANG_WARN__DUPLICATE_METHOD_MATCH = YES;
				COPY_PHASE_STRIP = NO;
				DEBUG_INFORMATION_FORMAT = "dwarf-with-dsym";
				ENABLE_NS_ASSERTIONS = NO;
				ENABLE_STRICT_OBJC_MSGSEND = YES;
				GCC_C_LANGUAGE_STANDARD = gnu11;
				GCC_NO_COMMON_BLOCKS = YES;
				GCC_WARN_64_TO_32_BIT_CONVERSION = YES;
				GCC_WARN_ABOUT_RETURN_TYPE = YES_ERROR;
				GCC_WARN_UNDECLARED_SELECTOR = YES;
				GCC_WARN_UNINITIALIZED_AUTOS = YES_AGGRESSIVE;
				GCC_WARN_UNUSED_FUNCTION = YES;
				GCC_WARN_UNUSED_VARIABLE = YES;
				IPHONEOS_DEPLOYMENT_TARGET = 16.1;
				MTL_ENABLE_DEBUG_INFO = NO;
				MTL_FAST_MATH = YES;
				SDKROOT = iphoneos;
				SWIFT_COMPILATION_MODE = wholemodule;
				SWIFT_OPTIMIZATION_LEVEL = "-O";
				VALIDATE_PRODUCT = YES;
			};
			name = Release;
		};
		ECE2C7A92AFA54C700B6E27E /* Debug */ = {
			isa = XCBuildConfiguration;
			buildSettings = {
				ASSETCATALOG_COMPILER_APPICON_NAME = AppIcon;
				ASSETCATALOG_COMPILER_GLOBAL_ACCENT_COLOR_NAME = AccentColor;
				CODE_SIGN_STYLE = Automatic;
				CURRENT_PROJECT_VERSION = 1;
				DEVELOPMENT_ASSET_PATHS = "\"Forelesning22/Preview Content\"";
				ENABLE_PREVIEWS = YES;
				GENERATE_INFOPLIST_FILE = YES;
				INFOPLIST_KEY_UIApplicationSceneManifest_Generation = YES;
				INFOPLIST_KEY_UIApplicationSupportsIndirectInputEvents = YES;
				INFOPLIST_KEY_UILaunchScreen_Generation = YES;
				INFOPLIST_KEY_UISupportedInterfaceOrientations_iPad = "UIInterfaceOrientationPortrait UIInterfaceOrientationPortraitUpsideDown UIInterfaceOrientationLandscapeLeft UIInterfaceOrientationLandscapeRight";
				INFOPLIST_KEY_UISupportedInterfaceOrientations_iPhone = "UIInterfaceOrientationPortrait UIInterfaceOrientationLandscapeLeft UIInterfaceOrientationLandscapeRight";
				LD_RUNPATH_SEARCH_PATHS = (
					"$(inherited)",
					"@executable_path/Frameworks",
				);
				MARKETING_VERSION = 1.0;
				PRODUCT_BUNDLE_IDENTIFIER = no.beiningbogen.Forelesning22;
				PRODUCT_NAME = "$(TARGET_NAME)";
				SWIFT_EMIT_LOC_STRINGS = YES;
				SWIFT_VERSION = 5.0;
				TARGETED_DEVICE_FAMILY = "1,2";
			};
			name = Debug;
		};
		ECE2C7AA2AFA54C700B6E27E /* Release */ = {
			isa = XCBuildConfiguration;
			buildSettings = {
				ASSETCATALOG_COMPILER_APPICON_NAME = AppIcon;
				ASSETCATALOG_COMPILER_GLOBAL_ACCENT_COLOR_NAME = AccentColor;
				CODE_SIGN_STYLE = Automatic;
				CURRENT_PROJECT_VERSION = 1;
				DEVELOPMENT_ASSET_PATHS = "\"Forelesning22/Preview Content\"";
				ENABLE_PREVIEWS = YES;
				GENERATE_INFOPLIST_FILE = YES;
				INFOPLIST_KEY_UIApplicationSceneManifest_Generation = YES;
				INFOPLIST_KEY_UIApplicationSupportsIndirectInputEvents = YES;
				INFOPLIST_KEY_UILaunchScreen_Generation = YES;
				INFOPLIST_KEY_UISupportedInterfaceOrientations_iPad = "UIInterfaceOrientationPortrait UIInterfaceOrientationPortraitUpsideDown UIInterfaceOrientationLandscapeLeft UIInterfaceOrientationLandscapeRight";
				INFOPLIST_KEY_UISupportedInterfaceOrientations_iPhone = "UIInterfaceOrientationPortrait UIInterfaceOrientationLandscapeLeft UIInterfaceOrientationLandscapeRight";
				LD_RUNPATH_SEARCH_PATHS = (
					"$(inherited)",
					"@executable_path/Frameworks",
				);
				MARKETING_VERSION = 1.0;
				PRODUCT_BUNDLE_IDENTIFIER = no.beiningbogen.Forelesning22;
				PRODUCT_NAME = "$(TARGET_NAME)";
				SWIFT_EMIT_LOC_STRINGS = YES;
				SWIFT_VERSION = 5.0;
				TARGETED_DEVICE_FAMILY = "1,2";
			};
			name = Release;
		};
		ECE2C7AC2AFA54C700B6E27E /* Debug */ = {
			isa = XCBuildConfiguration;
			buildSettings = {
				ALWAYS_EMBED_SWIFT_STANDARD_LIBRARIES = YES;
				BUNDLE_LOADER = "$(TEST_HOST)";
				CODE_SIGN_STYLE = Automatic;
				CURRENT_PROJECT_VERSION = 1;
				GENERATE_INFOPLIST_FILE = YES;
				IPHONEOS_DEPLOYMENT_TARGET = 16.1;
				MARKETING_VERSION = 1.0;
				PRODUCT_BUNDLE_IDENTIFIER = no.beiningbogen.Forelesning22Tests;
				PRODUCT_NAME = "$(TARGET_NAME)";
				SWIFT_EMIT_LOC_STRINGS = NO;
				SWIFT_VERSION = 5.0;
				TARGETED_DEVICE_FAMILY = "1,2";
				TEST_HOST = "$(BUILT_PRODUCTS_DIR)/Forelesning22.app/$(BUNDLE_EXECUTABLE_FOLDER_PATH)/Forelesning22";
			};
			name = Debug;
		};
		ECE2C7AD2AFA54C700B6E27E /* Release */ = {
			isa = XCBuildConfiguration;
			buildSettings = {
				ALWAYS_EMBED_SWIFT_STANDARD_LIBRARIES = YES;
				BUNDLE_LOADER = "$(TEST_HOST)";
				CODE_SIGN_STYLE = Automatic;
				CURRENT_PROJECT_VERSION = 1;
				GENERATE_INFOPLIST_FILE = YES;
				IPHONEOS_DEPLOYMENT_TARGET = 16.1;
				MARKETING_VERSION = 1.0;
				PRODUCT_BUNDLE_IDENTIFIER = no.beiningbogen.Forelesning22Tests;
				PRODUCT_NAME = "$(TARGET_NAME)";
				SWIFT_EMIT_LOC_STRINGS = NO;
				SWIFT_VERSION = 5.0;
				TARGETED_DEVICE_FAMILY = "1,2";
				TEST_HOST = "$(BUILT_PRODUCTS_DIR)/Forelesning22.app/$(BUNDLE_EXECUTABLE_FOLDER_PATH)/Forelesning22";
			};
			name = Release;
		};
		ECE2C7AF2AFA54C700B6E27E /* Debug */ = {
			isa = XCBuildConfiguration;
			buildSettings = {
				ALWAYS_EMBED_SWIFT_STANDARD_LIBRARIES = YES;
				CODE_SIGN_STYLE = Automatic;
				CURRENT_PROJECT_VERSION = 1;
				GENERATE_INFOPLIST_FILE = YES;
				MARKETING_VERSION = 1.0;
				PRODUCT_BUNDLE_IDENTIFIER = no.beiningbogen.Forelesning22UITests;
				PRODUCT_NAME = "$(TARGET_NAME)";
				SWIFT_EMIT_LOC_STRINGS = NO;
				SWIFT_VERSION = 5.0;
				TARGETED_DEVICE_FAMILY = "1,2";
				TEST_TARGET_NAME = Forelesning22;
			};
			name = Debug;
		};
		ECE2C7B02AFA54C700B6E27E /* Release */ = {
			isa = XCBuildConfiguration;
			buildSettings = {
				ALWAYS_EMBED_SWIFT_STANDARD_LIBRARIES = YES;
				CODE_SIGN_STYLE = Automatic;
				CURRENT_PROJECT_VERSION = 1;
				GENERATE_INFOPLIST_FILE = YES;
				MARKETING_VERSION = 1.0;
				PRODUCT_BUNDLE_IDENTIFIER = no.beiningbogen.Forelesning22UITests;
				PRODUCT_NAME = "$(TARGET_NAME)";
				SWIFT_EMIT_LOC_STRINGS = NO;
				SWIFT_VERSION = 5.0;
				TARGETED_DEVICE_FAMILY = "1,2";
				TEST_TARGET_NAME = Forelesning22;
			};
			name = Release;
		};
/* End XCBuildConfiguration section */

/* Begin XCConfigurationList section */
		ECE2C77A2AFA54C500B6E27E /* Build configuration list for PBXProject "Forelesning22" */ = {
			isa = XCConfigurationList;
			buildConfigurations = (
				ECE2C7A62AFA54C700B6E27E /* Debug */,
				ECE2C7A72AFA54C700B6E27E /* Release */,
			);
			defaultConfigurationIsVisible = 0;
			defaultConfigurationName = Release;
		};
		ECE2C7A82AFA54C700B6E27E /* Build configuration list for PBXNativeTarget "Forelesning22" */ = {
			isa = XCConfigurationList;
			buildConfigurations = (
				ECE2C7A92AFA54C700B6E27E /* Debug */,
				ECE2C7AA2AFA54C700B6E27E /* Release */,
			);
			defaultConfigurationIsVisible = 0;
			defaultConfigurationName = Release;
		};
		ECE2C7AB2AFA54C700B6E27E /* Build configuration list for PBXNativeTarget "Forelesning22Tests" */ = {
			isa = XCConfigurationList;
			buildConfigurations = (
				ECE2C7AC2AFA54C700B6E27E /* Debug */,
				ECE2C7AD2AFA54C700B6E27E /* Release */,
			);
			defaultConfigurationIsVisible = 0;
			defaultConfigurationName = Release;
		};
		ECE2C7AE2AFA54C700B6E27E /* Build configuration list for PBXNativeTarget "Forelesning22UITests" */ = {
			isa = XCConfigurationList;
			buildConfigurations = (
				ECE2C7AF2AFA54C700B6E27E /* Debug */,
				ECE2C7B02AFA54C700B6E27E /* Release */,
			);
			defaultConfigurationIsVisible = 0;
			defaultConfigurationName = Release;
		};
/* End XCConfigurationList section */

/* Begin XCVersionGroup section */
		ECE2C78D2AFA54C600B6E27E /* Forelesning22.xcdatamodeld */ = {
			isa = XCVersionGroup;
			children = (
				ECE2C78E2AFA54C600B6E27E /* Forelesning22.xcdatamodel */,
			);
			currentVersion = ECE2C78E2AFA54C600B6E27E /* Forelesning22.xcdatamodel */;
			path = Forelesning22.xcdatamodeld;
			sourceTree = "<group>";
			versionGroupType = wrapper.xcdatamodel;
		};
/* End XCVersionGroup section */
	};
	rootObject = ECE2C7772AFA54C500B6E27E /* Project object */;
}
